
Microsoft Visual Studio Solution File, Format Version 12.00
# Visual Studio Version 17
VisualStudioVersion = 17.4.33403.182
MinimumVisualStudioVersion = 10.0.40219.1
Project("{9A19103F-16F7-4668-BE54-9A1E7A4F7556}") = "Klavi.UI", "Klavi.UI\Klavi.UI.csproj", "{CEC20CBE-85A0-43B2-8221-CE805DF13B1D}"
EndProject
Project("{FAE04EC0-301F-11D3-BF4B-00C04F79EFBC}") = "Kalvi.Core", "Kalvi.Core\Kalvi.Core.csproj", "{8FD5C317-8B47-47B6-A64B-C351ED7A5682}"
EndProject
Project("{FAE04EC0-301F-11D3-BF4B-00C04F79EFBC}") = "Kalvi.DataAccess", "Kalvi.DataAccess\Kalvi.DataAccess.csproj", "{91A1C26B-6591-48D9-A530-2E27B75015AE}"
EndProject
Global
	GlobalSection(SolutionConfigurationPlatforms) = preSolution
		Debug|Any CPU = Debug|Any CPU
		Release|Any CPU = Release|Any CPU
	EndGlobalSection
	GlobalSection(ProjectConfigurationPlatforms) = postSolution
		{CEC20CBE-85A0-43B2-8221-CE805DF13B1D}.Debug|Any CPU.ActiveCfg = Debug|Any CPU
		{CEC20CBE-85A0-43B2-8221-CE805DF13B1D}.Debug|Any CPU.Build.0 = Debug|Any CPU
		{CEC20CBE-85A0-43B2-8221-CE805DF13B1D}.Release|Any CPU.ActiveCfg = Release|Any CPU
		{CEC20CBE-85A0-43B2-8221-CE805DF13B1D}.Release|Any CPU.Build.0 = Release|Any CPU
		{8FD5C317-8B47-47B6-A64B-C351ED7A5682}.Debug|Any CPU.ActiveCfg = Debug|Any CPU
		{8FD5C317-8B47-47B6-A64B-C351ED7A5682}.Debug|Any CPU.Build.0 = Debug|Any CPU
		{8FD5C317-8B47-47B6-A64B-C351ED7A5682}.Release|Any CPU.ActiveCfg = Release|Any CPU
		{8FD5C317-8B47-47B6-A64B-C351ED7A5682}.Release|Any CPU.Build.0 = Release|Any CPU
		{91A1C26B-6591-48D9-A530-2E27B75015AE}.Debug|Any CPU.ActiveCfg = Debug|Any CPU
		{91A1C26B-6591-48D9-A530-2E27B75015AE}.Debug|Any CPU.Build.0 = Debug|Any CPU
		{91A1C26B-6591-48D9-A530-2E27B75015AE}.Release|Any CPU.ActiveCfg = Release|Any CPU
		{91A1C26B-6591-48D9-A530-2E27B75015AE}.Release|Any CPU.Build.0 = Release|Any CPU
	EndGlobalSection
	GlobalSection(SolutionProperties) = preSolution
		HideSolutionNode = FALSE
	EndGlobalSection
	GlobalSection(ExtensibilityGlobals) = postSolution
		SolutionGuid = {115A58AD-7DC7-4120-A76F-6FD2A2043070}
	EndGlobalSection
EndGlobal
